hash: f95beb0929bb6bdb65458967446765fc494b026baf5473106b7c2a2783559bfc
updated: 2017-02-16T12:13:20.051286213+08:00
imports:
- name: github.com/aws/aws-sdk-go
  version: 7f96ce6d3bc37ec42c97a3f8d19209a134838042
  subpackages:
  - aws
  - aws/awserr
  - aws/awsutil
  - aws/client
  - aws/client/metadata
  - aws/corehandlers
  - aws/credentials
  - aws/credentials/ec2rolecreds
  - aws/credentials/endpointcreds
  - aws/credentials/stscreds
  - aws/defaults
  - aws/ec2metadata
  - aws/endpoints
  - aws/request
  - aws/session
  - aws/signer/v4
  - private/protocol
  - private/protocol/ec2query
  - private/protocol/json/jsonutil
  - private/protocol/jsonrpc
  - private/protocol/query
  - private/protocol/query/queryutil
  - private/protocol/rest
  - private/protocol/xml/xmlutil
  - private/waiter
  - service/cloudwatchlogs
  - service/ec2
  - service/ecs
  - service/iam
  - service/sts
- name: github.com/fsnotify/fsnotify
  version: a904159b9206978bb6d53fcc7a769e5cd726c737
- name: github.com/gin-gonic/gin
  version: e2212d40c62a98b388a5eb48ecbdcf88534688ba
  subpackages:
  - binding
  - render
- name: github.com/go-ini/ini
  version: ee900ca565931451fe4e4409bcbd4316331cec1c
- name: github.com/golang/glog
  version: 23def4e6c14b4da8ac2ed8007337bc5eb5007998
- name: github.com/golang/protobuf
  version: 2402d76f3d41f928c7902a765dfc872356dd3aad
  subpackages:
  - proto
- name: github.com/hashicorp/hcl
  version: 372e8ddaa16fd67e371e9323807d056b799360af
  subpackages:
  - hcl/ast
  - hcl/parser
  - hcl/scanner
  - hcl/strconv
  - hcl/token
  - json/parser
  - json/scanner
  - json/token
- name: github.com/jmespath/go-jmespath
  version: bd40a432e4c76585ef6b72d3fd96fb9b6dc7b68d
- name: github.com/magiconair/properties
  version: b3b15ef068fd0b17ddf408a23669f20811d194d2
- name: github.com/manucorporat/sse
  version: ee05b128a739a0fb76c7ebd3ae4810c1de808d6d
- name: github.com/mattn/go-isatty
  version: 281032e84ae07510239465db46bf442aa44b953a
- name: github.com/mitchellh/mapstructure
  version: db1efb556f84b25a0a13a04aad883943538ad2e0
- name: github.com/pelletier/go-buffruneio
  version: df1e16fde7fc330a0ca68167c23bf7ed6ac31d6d
- name: github.com/pelletier/go-toml
  version: c9506ee96398e7571356462217b9e24d6a628d71
- name: github.com/spf13/afero
  version: 72b31426848c6ef12a7a8e216708cb0d1530f074
  subpackages:
  - mem
- name: github.com/spf13/cast
  version: d1139bab1c07d5ad390a65e7305876b3c1a8370b
- name: github.com/spf13/jwalterweatherman
  version: fa7ca7e836cf3a8bb4ebf799f472c12d7e903d66
- name: github.com/spf13/pflag
  version: 9ff6c6923cfffbcd502984b8e0c80539a94968b7
- name: github.com/spf13/viper
  version: 5ed0fc31f7f453625df314d8e66b9791e8d13003
- name: golang.org/x/crypto
  version: 453249f01cfeb54c3d549ddb75ff152ca243f9d8
  subpackages:
  - curve25519
  - ed25519
  - ed25519/internal/edwards25519
  - ssh
- name: golang.org/x/net
  version: f315505cf3349909cdf013ea56690da34e96a451
  subpackages:
  - context
- name: golang.org/x/sys
  version: e24f485414aeafb646f6fca458b0bf869c0880a1
  subpackages:
  - unix
- name: golang.org/x/text
  version: 85c29909967d7f171f821e7a42e7b7af76fb9598
  subpackages:
  - transform
  - unicode/norm
- name: gopkg.in/go-playground/validator.v8
  version: c193cecd124b5cc722d7ee5538e945bdb3348435
- name: gopkg.in/yaml.v2
  version: a3f3340b5840cee44f372bddb5880fcbc419b46a
- name: k8s.io/apimachinery
  version: bb0944e83985eee62505a0386e7df9014cc55263
  subpackages:
  - pkg/apis/meta/v1
  - pkg/conversion
  - pkg/conversion/queryparams
  - pkg/fields
  - pkg/labels
  - pkg/openapi
  - pkg/runtime
  - pkg/runtime/schema
  - pkg/selection
  - pkg/types
  - pkg/util/errors
  - pkg/util/net
  - pkg/util/runtime
  - pkg/util/sets
  - pkg/util/validation
  - pkg/util/wait
  - pkg/watch
  - third_party/forked/golang/reflect
- name: k8s.io/client-go
  version: d81cb85237595f720d83eda492bae8f6162fc5c0
  subpackages:
  - discovery
  - kubernetes
  - kubernetes/typed/apps/v1beta1
  - kubernetes/typed/authentication/v1beta1
  - kubernetes/typed/authorization/v1beta1
  - kubernetes/typed/autoscaling/v1
  - kubernetes/typed/batch/v1
  - kubernetes/typed/batch/v2alpha1
  - kubernetes/typed/certificates/v1alpha1
  - kubernetes/typed/core/v1
  - kubernetes/typed/extensions/v1beta1
  - kubernetes/typed/policy/v1beta1
  - kubernetes/typed/rbac/v1alpha1
  - kubernetes/typed/storage/v1beta1
  - pkg/api
  - pkg/api/errors
  - pkg/api/install
  - pkg/api/meta
  - pkg/api/meta/metatypes
  - pkg/api/resource
  - pkg/api/unversioned
  - pkg/api/v1
  - pkg/api/validation/path
  - pkg/apimachinery
  - pkg/apimachinery/announced
  - pkg/apimachinery/registered
  - pkg/apis/apps
  - pkg/apis/apps/install
  - pkg/apis/apps/v1beta1
  - pkg/apis/authentication
  - pkg/apis/authentication/install
  - pkg/apis/authentication/v1beta1
  - pkg/apis/authorization
  - pkg/apis/authorization/install
  - pkg/apis/authorization/v1beta1
  - pkg/apis/autoscaling
  - pkg/apis/autoscaling/install
  - pkg/apis/autoscaling/v1
  - pkg/apis/batch
  - pkg/apis/batch/install
  - pkg/apis/batch/v1
  - pkg/apis/batch/v2alpha1
  - pkg/apis/certificates
  - pkg/apis/certificates/install
  - pkg/apis/certificates/v1alpha1
  - pkg/apis/extensions
  - pkg/apis/extensions/install
  - pkg/apis/extensions/v1beta1
  - pkg/apis/policy
  - pkg/apis/policy/install
  - pkg/apis/policy/v1beta1
  - pkg/apis/rbac
  - pkg/apis/rbac/install
  - pkg/apis/rbac/v1alpha1
  - pkg/apis/storage
  - pkg/apis/storage/install
  - pkg/apis/storage/v1beta1
  - pkg/auth/user
  - pkg/conversion
  - pkg/conversion/queryparams
  - pkg/fields
  - pkg/genericapiserver/openapi/common
  - pkg/labels
  - pkg/runtime
  - pkg/runtime/serializer
  - pkg/runtime/serializer/json
  - pkg/runtime/serializer/protobuf
  - pkg/runtime/serializer/recognizer
  - pkg/runtime/serializer/streaming
  - pkg/runtime/serializer/versioning
  - pkg/selection
  - pkg/third_party/forked/golang/reflect
  - pkg/third_party/forked/golang/template
  - pkg/types
  - pkg/util
  - pkg/util/cert
  - pkg/util/clock
  - pkg/util/errors
  - pkg/util/flowcontrol
  - pkg/util/framer
  - pkg/util/homedir
  - pkg/util/integer
  - pkg/util/intstr
  - pkg/util/json
  - pkg/util/jsonpath
  - pkg/util/labels
  - pkg/util/net
  - pkg/util/parsers
  - pkg/util/rand
  - pkg/util/ratelimit
  - pkg/util/runtime
  - pkg/util/sets
  - pkg/util/uuid
  - pkg/util/validation
  - pkg/util/validation/field
  - pkg/util/wait
  - pkg/util/yaml
  - pkg/version
  - pkg/watch
  - pkg/watch/versioned
  - plugin/pkg/client/auth
  - plugin/pkg/client/auth/gcp
  - plugin/pkg/client/auth/oidc
  - rest
  - tools/auth
  - tools/clientcmd
  - tools/clientcmd/api
  - tools/clientcmd/api/latest
  - tools/clientcmd/api/v1
  - tools/metrics
  - transport
testImports: []
